
Microsoft Visual Studio Solution File, Format Version 12.00
# Visual Studio Version 17
VisualStudioVersion = 17.0.32112.339
MinimumVisualStudioVersion = 10.0.40219.1
Project("{FAE04EC0-301F-11D3-BF4B-00C04F79EFBC}") = "MvcMovie", "MvcMovie\MvcMovie.csproj", "{2495D454-C746-47BD-A94C-7BDE79745876}"
EndProject
Global
	GlobalSection(SolutionConfigurationPlatforms) = preSolution
		Debug|Any CPU = Debug|Any CPU
		Release|Any CPU = Release|Any CPU
	EndGlobalSection
	GlobalSection(ProjectConfigurationPlatforms) = postSolution
		{2495D454-C746-47BD-A94C-7BDE79745876}.Debug|Any CPU.ActiveCfg = Debug|Any CPU
		{2495D454-C746-47BD-A94C-7BDE79745876}.Debug|Any CPU.Build.0 = Debug|Any CPU
		{2495D454-C746-47BD-A94C-7BDE79745876}.Release|Any CPU.ActiveCfg = Release|Any CPU
		{2495D454-C746-47BD-A94C-7BDE79745876}.Release|Any CPU.Build.0 = Release|Any CPU
	EndGlobalSection
	GlobalSection(SolutionProperties) = preSolution
		HideSolutionNode = FALSE
	EndGlobalSection
	GlobalSection(ExtensibilityGlobals) = postSolution
		SolutionGuid = {40CAA1C8-992E-4D24-93A3-A4C81EA4D069}
	EndGlobalSection
EndGlobal
